Microsoft Visual Studio Solution File, Format Version 12.00
# Visual Studio 2012
Project("{FAE04EC0-301F-11D3-BF4B-00C04F79EFBC}") = "WAT5", "WAT5.csproj", "{B55F6E5A-5EB7-49EC-AD95-87173756E436}"
EndProject
Global
	GlobalSection(SolutionConfigurationPlatforms) = preSolution
	Debug|Any CPU = Debug|Any CPU
	ExportDebug|Any CPU = ExportDebug|Any CPU
	ExportRelease|Any CPU = ExportRelease|Any CPU
	EndGlobalSection
	GlobalSection(ProjectConfigurationPlatforms) = postSolution
		{B55F6E5A-5EB7-49EC-AD95-87173756E436}.Debug|Any CPU.ActiveCfg = Debug|Any CPU
		{B55F6E5A-5EB7-49EC-AD95-87173756E436}.Debug|Any CPU.Build.0 = Debug|Any CPU
		{B55F6E5A-5EB7-49EC-AD95-87173756E436}.ExportDebug|Any CPU.ActiveCfg = ExportDebug|Any CPU
		{B55F6E5A-5EB7-49EC-AD95-87173756E436}.ExportDebug|Any CPU.Build.0 = ExportDebug|Any CPU
		{B55F6E5A-5EB7-49EC-AD95-87173756E436}.ExportRelease|Any CPU.ActiveCfg = ExportRelease|Any CPU
		{B55F6E5A-5EB7-49EC-AD95-87173756E436}.ExportRelease|Any CPU.Build.0 = ExportRelease|Any CPU
	EndGlobalSection
EndGlobal
